
Microsoft Visual Studio Solution File, Format Version 12.00
# Visual Studio Version 17
VisualStudioVersion = 17.9.34622.214
MinimumVisualStudioVersion = 10.0.40219.1
Project("{FAE04EC0-301F-11D3-BF4B-00C04F79EFBC}") = "NotesPOC", "NotesPOC.csproj", "{A14AB313-80FE-4507-B4C9-5EF3112EF6F1}"
EndProject
Global
	GlobalSection(SolutionConfigurationPlatforms) = preSolution
		Debug|Any CPU = Debug|Any CPU
		Release|Any CPU = Release|Any CPU
	EndGlobalSection
	GlobalSection(ProjectConfigurationPlatforms) = postSolution
		{A14AB313-80FE-4507-B4C9-5EF3112EF6F1}.Debug|Any CPU.ActiveCfg = Debug|Any CPU
		{A14AB313-80FE-4507-B4C9-5EF3112EF6F1}.Debug|Any CPU.Build.0 = Debug|Any CPU
		{A14AB313-80FE-4507-B4C9-5EF3112EF6F1}.Release|Any CPU.ActiveCfg = Release|Any CPU
		{A14AB313-80FE-4507-B4C9-5EF3112EF6F1}.Release|Any CPU.Build.0 = Release|Any CPU
	EndGlobalSection
	GlobalSection(SolutionProperties) = preSolution
		HideSolutionNode = FALSE
	EndGlobalSection
	GlobalSection(ExtensibilityGlobals) = postSolution
		SolutionGuid = {1F94D104-10A8-4153-9808-2EC3839BD598}
	EndGlobalSection
EndGlobal
